Microsoft Visual Studio Solution File, Format Version 12.00
# Visual Studio Version 17
VisualStudioVersion = 17.5.2.0
MinimumVisualStudioVersion = 10.0.40219.1
Project("{FAE04EC0-301F-11D3-BF4B-00C04F79EFBC}") = "schoolInformationSystem", "schoolInformationSystem.csproj", "{0D1AC2E6-0397-2CF3-D66E-1E6FFC2BC973}"
EndProject
Global
	GlobalSection(SolutionConfigurationPlatforms) = preSolution
		Debug|Any CPU = Debug|Any CPU
		Release|Any CPU = Release|Any CPU
	EndGlobalSection
	GlobalSection(ProjectConfigurationPlatforms) = postSolution
		{0D1AC2E6-0397-2CF3-D66E-1E6FFC2BC973}.Debug|Any CPU.ActiveCfg = Debug|Any CPU
		{0D1AC2E6-0397-2CF3-D66E-1E6FFC2BC973}.Debug|Any CPU.Build.0 = Debug|Any CPU
		{0D1AC2E6-0397-2CF3-D66E-1E6FFC2BC973}.Release|Any CPU.ActiveCfg = Release|Any CPU
		{0D1AC2E6-0397-2CF3-D66E-1E6FFC2BC973}.Release|Any CPU.Build.0 = Release|Any CPU
	EndGlobalSection
	GlobalSection(SolutionProperties) = preSolution
		HideSolutionNode = FALSE
	EndGlobalSection
	GlobalSection(ExtensibilityGlobals) = postSolution
		SolutionGuid = {A9C3693B-5326-4AC1-A0A2-EA41C0707588}
	EndGlobalSection
EndGlobal
